
Microsoft Visual Studio Solution File, Format Version 12.00
# Visual Studio Version 16
VisualStudioVersion = 16.0.31005.135
MinimumVisualStudioVersion = 10.0.40219.1
Project("{FAE04EC0-301F-11D3-BF4B-00C04F79EFBC}") = "figures", "figures\figures.csproj", "{644E9BB5-AC47-4BEE-9E80-A89325DF39DC}"
EndProject
Global
	GlobalSection(SolutionConfigurationPlatforms) = preSolution
		Debug|Any CPU = Debug|Any CPU
		Release|Any CPU = Release|Any CPU
	EndGlobalSection
	GlobalSection(ProjectConfigurationPlatforms) = postSolution
		{644E9BB5-AC47-4BEE-9E80-A89325DF39DC}.Debug|Any CPU.ActiveCfg = Debug|Any CPU
		{644E9BB5-AC47-4BEE-9E80-A89325DF39DC}.Debug|Any CPU.Build.0 = Debug|Any CPU
		{644E9BB5-AC47-4BEE-9E80-A89325DF39DC}.Release|Any CPU.ActiveCfg = Release|Any CPU
		{644E9BB5-AC47-4BEE-9E80-A89325DF39DC}.Release|Any CPU.Build.0 = Release|Any CPU
	EndGlobalSection
	GlobalSection(SolutionProperties) = preSolution
		HideSolutionNode = FALSE
	EndGlobalSection
	GlobalSection(ExtensibilityGlobals) = postSolution
		SolutionGuid = {D3C5D2B5-FEDF-4026-BD58-C5846E9F23BC}
	EndGlobalSection
EndGlobal
